{
  "version": 4,
  "terraform_version": "1.14.3",
  "serial": 13,
  "lineage": "11a1fe6c-b413-25f5-1a1a-cc9fbc9c1753",
  "outputs": {
    "instance_ip": {
      "value": null,
      "type": "string"
    }
  },
  "resources": [
    {
      "mode": "managed",
      "type": "aws_key_pair",
      "name": "todo_app_key",
      "provider": "provider[\"registry.terraform.io/hashicorp/aws\"]",
      "instances": [
        {
          "schema_version": 1,
          "attributes": {
            "arn": "arn:aws:ec2:us-east-1:784303385138:key-pair/todo-app-key",
            "fingerprint": "c9:ed:ab:4d:97:54:35:32:21:f8:0a:2e:bb:3c:d7:57",
            "id": "todo-app-key",
            "key_name": "todo-app-key",
            "key_name_prefix": "",
            "key_pair_id": "key-07114467167991aa8",
            "key_type": "rsa",
            "public_key": "ssh-rsa AAAAB3NzaC1yc2EAAAADAQABAAABAQDZ0wgB2THOsx6GRM//zOHE5If4vTF5SWAnAyUeCaE+ZSkRURD+Y4tljkSy+ARrEV8CiW7aUyUJUwHIjyLElCxIiHWBAvwOBbDL2vu6kw6a8fxDupy2ur1AG8vXW/5nTD38hYPC2hk6E/l76tz7uDGAHHySUz5/4KpS0S9JPsw/HJUHgqQB5RjBf/xzGAZsSDdLxe2pNWKZWd3TcZYlK8GGNOHWwgB0/tkoI+YVnEw/hhwYOq6NMl+E1X7M8Pwd/qSY2+FF2lsW9z+bGGNp8VW2+HcUR2X2tSHsLFwXrpBUbYN8FSRtD7FvjPFgoYQ+Vi75PpAncmMzt85kX/N9CygH",
            "tags": null,
            "tags_all": {}
          },
          "sensitive_attributes": [],
          "identity_schema_version": 0,
          "private": "eyJzY2hlbWFfdmVyc2lvbiI6IjEifQ=="
        }
      ]
    },
    {
      "mode": "managed",
      "type": "aws_security_group",
      "name": "todo_app_sg",
      "provider": "provider[\"registry.terraform.io/hashicorp/aws\"]",
      "instances": [
        {
          "schema_version": 1,
          "attributes": {
            "arn": "arn:aws:ec2:us-east-1:784303385138:security-group/sg-04753fbef6128e1c5",
            "description": "Allow SSH and HTTP",
            "egress": [
              {
                "cidr_blocks": [
                  "0.0.0.0/0"
                ],
                "description": "",
                "from_port": 0,
                "ipv6_cidr_blocks": [],
                "prefix_list_ids": [],
                "protocol": "-1",
                "security_groups": [],
                "self": false,
                "to_port": 0
              }
            ],
            "id": "sg-04753fbef6128e1c5",
            "ingress": [
              {
                "cidr_blocks": [
                  "0.0.0.0/0"
                ],
                "description": "",
                "from_port": 22,
                "ipv6_cidr_blocks": [],
                "prefix_list_ids": [],
                "protocol": "tcp",
                "security_groups": [],
                "self": false,
                "to_port": 22
              },
              {
                "cidr_blocks": [
                  "0.0.0.0/0"
                ],
                "description": "",
                "from_port": 80,
                "ipv6_cidr_blocks": [],
                "prefix_list_ids": [],
                "protocol": "tcp",
                "security_groups": [],
                "self": false,
                "to_port": 80
              }
            ],
            "name": "todo-app-sg",
            "name_prefix": "",
            "owner_id": "784303385138",
            "revoke_rules_on_delete": false,
            "tags": {},
            "tags_all": {},
            "timeouts": null,
            "vpc_id": "vpc-0ffa092c8b074c4db"
          },
          "sensitive_attributes": [],
          "identity_schema_version": 0,
          "private": "eyJlMmJmYjczMC1lY2FhLTExZTYtOGY4OC0zNDM2M2JjN2M0YzAiOnsiY3JlYXRlIjo2MDAwMDAwMDAwMDAsImRlbGV0ZSI6OTAwMDAwMDAwMDAwfSwic2NoZW1hX3ZlcnNpb24iOiIxIn0="
        }
      ]
    }
  ],
  "check_results": null
}
